// !$*UTF8*$!
{
	archiveVersion = 1;
	classes = {
	};
	objectVersion = 46;
	objects = {

/* Begin PBXBuildFile section */
		252D4E0D1E9B51FA00470B90 /* StudentInfoMapViewController.swift in Sources */ = {isa = PBXBuildFile; fileRef = 252D4E0C1E9B51FA00470B90 /* StudentInfoMapViewController.swift */; };
		252D4E0F1E9B520E00470B90 /* StudentInfoTableViewController.swift in Sources */ = {isa = PBXBuildFile; fileRef = 252D4E0E1E9B520E00470B90 /* StudentInfoTableViewController.swift */; };
		252D4E151E9B5F7800470B90 /* UdacityStudentInformation.swift in Sources */ = {isa = PBXBuildFile; fileRef = 252D4E141E9B5F7800470B90 /* UdacityStudentInformation.swift */; };
		252D4E171E9CE78500470B90 /* PostInformationViewController.swift in Sources */ = {isa = PBXBuildFile; fileRef = 252D4E161E9CE78500470B90 /* PostInformationViewController.swift */; };
		252D4E191E9DF9B500470B90 /* FindLocationViewController.swift in Sources */ = {isa = PBXBuildFile; fileRef = 252D4E181E9DF9B500470B90 /* FindLocationViewController.swift */; };
		252D4E1B1E9DFB9D00470B90 /* ManagerTabViewController.swift in Sources */ = {isa = PBXBuildFile; fileRef = 252D4E1A1E9DFB9D00470B90 /* ManagerTabViewController.swift */; };
		252D4E1D1E9E43E500470B90 /* UdacityConvenience.swift in Sources */ = {isa = PBXBuildFile; fileRef = 252D4E1C1E9E43E500470B90 /* UdacityConvenience.swift */; };
		254BB8441EA61B1500D76A7E /* ActivityIndicator.swift in Sources */ = {isa = PBXBuildFile; fileRef = 254BB8431EA61B1500D76A7E /* ActivityIndicator.swift */; };
		256C86E01E96238E004B2690 /* UdacityClient.swift in Sources */ = {isa = PBXBuildFile; fileRef = 256C86DF1E96238E004B2690 /* UdacityClient.swift */; };
		256C86E21E9623AE004B2690 /* UdacityConstants.swift in Sources */ = {isa = PBXBuildFile; fileRef = 256C86E11E9623AE004B2690 /* UdacityConstants.swift */; };
		259AE9621E95084400BCDC7A /* AppDelegate.swift in Sources */ = {isa = PBXBuildFile; fileRef = 259AE9611E95084400BCDC7A /* AppDelegate.swift */; };
		259AE9641E95084400BCDC7A /* LoginViewController.swift in Sources */ = {isa = PBXBuildFile; fileRef = 259AE9631E95084400BCDC7A /* LoginViewController.swift */; };
		259AE9671E95084400BCDC7A /* Main.storyboard in Resources */ = {isa = PBXBuildFile; fileRef = 259AE9651E95084400BCDC7A /* Main.storyboard */; };
		259AE9691E95084400BCDC7A /* Assets.xcassets in Resources */ = {isa = PBXBuildFile; fileRef = 259AE9681E95084400BCDC7A /* Assets.xcassets */; };
		259AE96C1E95084400BCDC7A /* LaunchScreen.storyboard in Resources */ = {isa = PBXBuildFile; fileRef = 259AE96A1E95084400BCDC7A /* LaunchScreen.storyboard */; };
		259AE9741E95090100BCDC7A /* GCDBlackBox.swift in Sources */ = {isa = PBXBuildFile; fileRef = 259AE9731E95090100BCDC7A /* GCDBlackBox.swift */; };
		259AE9791E950CEC00BCDC7A /* BorderedButton.swift in Sources */ = {isa = PBXBuildFile; fileRef = 259AE9781E950CEC00BCDC7A /* BorderedButton.swift */; };
		259AE97C1E950F8A00BCDC7A /* MapKit.framework in Frameworks */ = {isa = PBXBuildFile; fileRef = 259AE97B1E950F8A00BCDC7A /* MapKit.framework */; };
/* End PBXBuildFile section */

/* Begin PBXFileReference section */
		252D4E0C1E9B51FA00470B90 /* StudentInfoMapViewController.swift */ = {isa = PBXFileReference; fileEncoding = 4; lastKnownFileType = sourcecode.swift; path = StudentInfoMapViewController.swift; sourceTree = "<group>"; };
		252D4E0E1E9B520E00470B90 /* StudentInfoTableViewController.swift */ = {isa = PBXFileReference; fileEncoding = 4; lastKnownFileType = sourcecode.swift; path = StudentInfoTableViewController.swift; sourceTree = "<group>"; };
		252D4E141E9B5F7800470B90 /* UdacityStudentInformation.swift */ = {isa = PBXFileReference; fileEncoding = 4; lastKnownFileType = sourcecode.swift; path = UdacityStudentInformation.swift; sourceTree = "<group>"; };
		252D4E161E9CE78500470B90 /* PostInformationViewController.swift */ = {isa = PBXFileReference; fileEncoding = 4; lastKnownFileType = sourcecode.swift; path = PostInformationViewController.swift; sourceTree = "<group>"; };
		252D4E181E9DF9B500470B90 /* FindLocationViewController.swift */ = {isa = PBXFileReference; fileEncoding = 4; lastKnownFileType = sourcecode.swift; path = FindLocationViewController.swift; sourceTree = "<group>"; };
		252D4E1A1E9DFB9D00470B90 /* ManagerTabViewController.swift */ = {isa = PBXFileReference; fileEncoding = 4; lastKnownFileType = sourcecode.swift; path = ManagerTabViewController.swift; sourceTree = "<group>"; };
		252D4E1C1E9E43E500470B90 /* UdacityConvenience.swift */ = {isa = PBXFileReference; fileEncoding = 4; lastKnownFileType = sourcecode.swift; path = UdacityConvenience.swift; sourceTree = "<group>"; };
		254BB8431EA61B1500D76A7E /* ActivityIndicator.swift */ = {isa = PBXFileReference; fileEncoding = 4; lastKnownFileType = sourcecode.swift; path = ActivityIndicator.swift; sourceTree = "<group>"; };
		256C86DF1E96238E004B2690 /* UdacityClient.swift */ = {isa = PBXFileReference; fileEncoding = 4; lastKnownFileType = sourcecode.swift; path = UdacityClient.swift; sourceTree = "<group>"; };
		256C86E11E9623AE004B2690 /* UdacityConstants.swift */ = {isa = PBXFileReference; fileEncoding = 4; lastKnownFileType = sourcecode.swift; path = UdacityConstants.swift; sourceTree = "<group>"; };
		259AE95E1E95084400BCDC7A /* OnTheMap.app */ = {isa = PBXFileReference; explicitFileType = wrapper.application; includeInIndex = 0; path = OnTheMap.app; sourceTree = BUILT_PRODUCTS_DIR; };
		259AE9611E95084400BCDC7A /* AppDelegate.swift */ = {isa = PBXFileReference; lastKnownFileType = sourcecode.swift; path = AppDelegate.swift; sourceTree = "<group>"; };
		259AE9631E95084400BCDC7A /* LoginViewController.swift */ = {isa = PBXFileReference; lastKnownFileType = sourcecode.swift; path = LoginViewController.swift; sourceTree = "<group>"; };
		259AE9661E95084400BCDC7A /* Base */ = {isa = PBXFileReference; lastKnownFileType = file.storyboard; name = Base; path = Base.lproj/Main.storyboard; sourceTree = "<group>"; };
		259AE9681E95084400BCDC7A /* Assets.xcassets */ = {isa = PBXFileReference; lastKnownFileType = folder.assetcatalog; path = Assets.xcassets; sourceTree = "<group>"; };
		259AE96B1E95084400BCDC7A /* Base */ = {isa = PBXFileReference; lastKnownFileType = file.storyboard; name = Base; path = Base.lproj/LaunchScreen.storyboard; sourceTree = "<group>"; };
		259AE96D1E95084400BCDC7A /* Info.plist */ = {isa = PBXFileReference; lastKnownFileType = text.plist.xml; path = Info.plist; sourceTree = "<group>"; };
		259AE9731E95090100BCDC7A /* GCDBlackBox.swift */ = {isa = PBXFileReference; fileEncoding = 4; lastKnownFileType = sourcecode.swift; path = GCDBlackBox.swift; sourceTree = "<group>"; };
		259AE9781E950CEC00BCDC7A /* BorderedButton.swift */ = {isa = PBXFileReference; fileEncoding = 4; lastKnownFileType = sourcecode.swift; path = BorderedButton.swift; sourceTree = "<group>"; };
		259AE97B1E950F8A00BCDC7A /* MapKit.framework */ = {isa = PBXFileReference; lastKnownFileType = wrapper.framework; name = MapKit.framework; path = System/Library/Frameworks/MapKit.framework; sourceTree = SDKROOT; };
/* End PBXFileReference section */

/* Begin PBXFrameworksBuildPhase section */
		259AE95B1E95084400BCDC7A /* Frameworks */ = {
			isa = PBXFrameworksBuildPhase;
			buildActionMask = 2147483647;
			files = (
				259AE97C1E950F8A00BCDC7A /* MapKit.framework in Frameworks */,
			);
			runOnlyForDeploymentPostprocessing = 0;
		};
/* End PBXFrameworksBuildPhase section */

/* Begin PBXGroup section */
		256C86DB1E962315004B2690 /* Model */ = {
			isa = PBXGroup;
			children = (
				256C86DC1E962324004B2690 /* Clients */,
			);
			name = Model;
			sourceTree = "<group>";
		};
		256C86DC1E962324004B2690 /* Clients */ = {
			isa = PBXGroup;
			children = (
				256C86DD1E962341004B2690 /* Udacity */,
			);
			name = Clients;
			sourceTree = "<group>";
		};
		256C86DD1E962341004B2690 /* Udacity */ = {
			isa = PBXGroup;
			children = (
				252D4E141E9B5F7800470B90 /* UdacityStudentInformation.swift */,
				256C86DF1E96238E004B2690 /* UdacityClient.swift */,
				256C86E11E9623AE004B2690 /* UdacityConstants.swift */,
				252D4E1C1E9E43E500470B90 /* UdacityConvenience.swift */,
			);
			name = Udacity;
			sourceTree = "<group>";
		};
		259AE9551E95084400BCDC7A = {
			isa = PBXGroup;
			children = (
				259AE9601E95084400BCDC7A /* OnTheMap */,
				259AE95F1E95084400BCDC7A /* Products */,
				259AE97A1E950F8A00BCDC7A /* Frameworks */,
			);
			sourceTree = "<group>";
		};
		259AE95F1E95084400BCDC7A /* Products */ = {
			isa = PBXGroup;
			children = (
				259AE95E1E95084400BCDC7A /* OnTheMap.app */,
			);
			name = Products;
			sourceTree = "<group>";
		};
		259AE9601E95084400BCDC7A /* OnTheMap */ = {
			isa = PBXGroup;
			children = (
				259AE9611E95084400BCDC7A /* AppDelegate.swift */,
				256C86DB1E962315004B2690 /* Model */,
				259AE9771E950CCF00BCDC7A /* View */,
				259AE9761E95094A00BCDC7A /* Controller */,
				259AE9751E95092800BCDC7A /* Assets */,
				259AE96D1E95084400BCDC7A /* Info.plist */,
				259AE9731E95090100BCDC7A /* GCDBlackBox.swift */,
			);
			path = OnTheMap;
			sourceTree = "<group>";
		};
		259AE9751E95092800BCDC7A /* Assets */ = {
			isa = PBXGroup;
			children = (
				259AE9651E95084400BCDC7A /* Main.storyboard */,
				259AE9681E95084400BCDC7A /* Assets.xcassets */,
				259AE96A1E95084400BCDC7A /* LaunchScreen.storyboard */,
			);
			name = Assets;
			sourceTree = "<group>";
		};
		259AE9761E95094A00BCDC7A /* Controller */ = {
			isa = PBXGroup;
			children = (
				259AE9631E95084400BCDC7A /* LoginViewController.swift */,
				252D4E0C1E9B51FA00470B90 /* StudentInfoMapViewController.swift */,
				252D4E0E1E9B520E00470B90 /* StudentInfoTableViewController.swift */,
				252D4E161E9CE78500470B90 /* PostInformationViewController.swift */,
				252D4E181E9DF9B500470B90 /* FindLocationViewController.swift */,
				252D4E1A1E9DFB9D00470B90 /* ManagerTabViewController.swift */,
			);
			name = Controller;
			sourceTree = "<group>";
		};
		259AE9771E950CCF00BCDC7A /* View */ = {
			isa = PBXGroup;
			children = (
				259AE9781E950CEC00BCDC7A /* BorderedButton.swift */,
				254BB8431EA61B1500D76A7E /* ActivityIndicator.swift */,
			);
			name = View;
			sourceTree = "<group>";
		};
		259AE97A1E950F8A00BCDC7A /* Frameworks */ = {
			isa = PBXGroup;
			children = (
				259AE97B1E950F8A00BCDC7A /* MapKit.framework */,
			);
			name = Frameworks;
			sourceTree = "<group>";
		};
/* End PBXGroup section */

/* Begin PBXNativeTarget section */
		259AE95D1E95084400BCDC7A /* OnTheMap */ = {
			isa = PBXNativeTarget;
			buildConfigurationList = 259AE9701E95084400BCDC7A /* Build configuration list for PBXNativeTarget "OnTheMap" */;
			buildPhases = (
				259AE95A1E95084400BCDC7A /* Sources */,
				259AE95B1E95084400BCDC7A /* Frameworks */,
				259AE95C1E95084400BCDC7A /* Resources */,
			);
			buildRules = (
			);
			dependencies = (
			);
			name = OnTheMap;
			productName = OnTheMap;
			productReference = 259AE95E1E95084400BCDC7A /* OnTheMap.app */;
			productType = "com.apple.product-type.application";
		};
/* End PBXNativeTarget section */

/* Begin PBXProject section */
		259AE9561E95084400BCDC7A /* Project object */ = {
			isa = PBXProject;
			attributes = {
				LastSwiftUpdateCheck = 0830;
				LastUpgradeCheck = 0830;
				ORGANIZATIONNAME = "Aniket Ghode";
				TargetAttributes = {
					259AE95D1E95084400BCDC7A = {
						CreatedOnToolsVersion = 8.3;
						ProvisioningStyle = Automatic;
						SystemCapabilities = {
							com.apple.Maps.iOS = {
								enabled = 1;
							};
						};
					};
				};
			};
			buildConfigurationList = 259AE9591E95084400BCDC7A /* Build configuration list for PBXProject "OnTheMap" */;
			compatibilityVersion = "Xcode 3.2";
			developmentRegion = English;
			hasScannedForEncodings = 0;
			knownRegions = (
				en,
				Base,
			);
			mainGroup = 259AE9551E95084400BCDC7A;
			productRefGroup = 259AE95F1E95084400BCDC7A /* Products */;
			projectDirPath = "";
			projectRoot = "";
			targets = (
				259AE95D1E95084400BCDC7A /* OnTheMap */,
			);
		};
/* End PBXProject section */

/* Begin PBXResourcesBuildPhase section */
		259AE95C1E95084400BCDC7A /* Resources */ = {
			isa = PBXResourcesBuildPhase;
			buildActionMask = 2147483647;
			files = (
				259AE96C1E95084400BCDC7A /* LaunchScreen.storyboard in Resources */,
				259AE9691E95084400BCDC7A /* Assets.xcassets in Resources */,
				259AE9671E95084400BCDC7A /* Main.storyboard in Resources */,
			);
			runOnlyForDeploymentPostprocessing = 0;
		};
/* End PBXResourcesBuildPhase section */

/* Begin PBXSourcesBuildPhase section */
		259AE95A1E95084400BCDC7A /* Sources */ = {
			isa = PBXSourcesBuildPhase;
			buildActionMask = 2147483647;
			files = (
				252D4E191E9DF9B500470B90 /* FindLocationViewController.swift in Sources */,
				252D4E0D1E9B51FA00470B90 /* StudentInfoMapViewController.swift in Sources */,
				252D4E171E9CE78500470B90 /* PostInformationViewController.swift in Sources */,
				252D4E0F1E9B520E00470B90 /* StudentInfoTableViewController.swift in Sources */,
				252D4E1B1E9DFB9D00470B90 /* ManagerTabViewController.swift in Sources */,
				256C86E01E96238E004B2690 /* UdacityClient.swift in Sources */,
				252D4E151E9B5F7800470B90 /* UdacityStudentInformation.swift in Sources */,
				259AE9641E95084400BCDC7A /* LoginViewController.swift in Sources */,
				252D4E1D1E9E43E500470B90 /* UdacityConvenience.swift in Sources */,
				259AE9741E95090100BCDC7A /* GCDBlackBox.swift in Sources */,
				259AE9791E950CEC00BCDC7A /* BorderedButton.swift in Sources */,
				254BB8441EA61B1500D76A7E /* ActivityIndicator.swift in Sources */,
				259AE9621E95084400BCDC7A /* AppDelegate.swift in Sources */,
				256C86E21E9623AE004B2690 /* UdacityConstants.swift in Sources */,
			);
			runOnlyForDeploymentPostprocessing = 0;
		};
/* End PBXSourcesBuildPhase section */

/* Begin PBXVariantGroup section */
		259AE9651E95084400BCDC7A /* Main.storyboard */ = {
			isa = PBXVariantGroup;
			children = (
				259AE9661E95084400BCDC7A /* Base */,
			);
			name = Main.storyboard;
			sourceTree = "<group>";
		};
		259AE96A1E95084400BCDC7A /* LaunchScreen.storyboard */ = {
			isa = PBXVariantGroup;
			children = (
				259AE96B1E95084400BCDC7A /* Base */,
			);
			name = LaunchScreen.storyboard;
			sourceTree = "<group>";
		};
/* End PBXVariantGroup section */

/* Begin XCBuildConfiguration section */
		259AE96E1E95084400BCDC7A /* Debug */ = {
			isa = XCBuildConfiguration;
			buildSettings = {
				ALWAYS_SEARCH_USER_PATHS = NO;
				CLANG_ANALYZER_NONNULL = YES;
				CLANG_ANALYZER_NUMBER_OBJECT_CONVERSION = YES_AGGRESSIVE;
				CLANG_CXX_LANGUAGE_STANDARD = "gnu++0x";
				CLANG_CXX_LIBRARY = "libc++";
				CLANG_ENABLE_MODULES = YES;
				CLANG_ENABLE_OBJC_ARC = YES;
				CLANG_WARN_BOOL_CONVERSION = YES;
				CLANG_WARN_CONSTANT_CONVERSION = YES;
				CLANG_WARN_DIRECT_OBJC_ISA_USAGE = YES_ERROR;
				CLANG_WARN_DOCUMENTATION_COMMENTS = YES;
				CLANG_WARN_EMPTY_BODY = YES;
				CLANG_WARN_ENUM_CONVERSION = YES;
				CLANG_WARN_INFINITE_RECURSION = YES;
				CLANG_WARN_INT_CONVERSION = YES;
				CLANG_WARN_OBJC_ROOT_CLASS = YES_ERROR;
				CLANG_WARN_SUSPICIOUS_MOVE = YES;
				CLANG_WARN_UNREACHABLE_CODE = YES;
				CLANG_WARN__DUPLICATE_METHOD_MATCH = YES;
				"CODE_SIGN_IDENTITY[sdk=iphoneos*]" = "iPhone Developer";
				COPY_PHASE_STRIP = NO;
				DEBUG_INFORMATION_FORMAT = dwarf;
				ENABLE_STRICT_OBJC_MSGSEND = YES;
				ENABLE_TESTABILITY = YES;
				GCC_C_LANGUAGE_STANDARD = gnu99;
				GCC_DYNAMIC_NO_PIC = NO;
				GCC_NO_COMMON_BLOCKS = YES;
				GCC_OPTIMIZATION_LEVEL = 0;
				GCC_PREPROCESSOR_DEFINITIONS = (
					"DEBUG=1",
					"$(inherited)",
				);
				GCC_WARN_64_TO_32_BIT_CONVERSION = YES;
				GCC_WARN_ABOUT_RETURN_TYPE = YES_ERROR;
				GCC_WARN_UNDECLARED_SELECTOR = YES;
				GCC_WARN_UNINITIALIZED_AUTOS = YES_AGGRESSIVE;
				GCC_WARN_UNUSED_FUNCTION = YES;
				GCC_WARN_UNUSED_VARIABLE = YES;
				IPHONEOS_DEPLOYMENT_TARGET = 10.3;
				MTL_ENABLE_DEBUG_INFO = YES;
				ONLY_ACTIVE_ARCH = YES;
				SDKROOT = iphoneos;
				SWIFT_ACTIVE_COMPILATION_CONDITIONS = DEBUG;
				SWIFT_OPTIMIZATION_LEVEL = "-Onone";
				TARGETED_DEVICE_FAMILY = "1,2";
			};
			name = Debug;
		};
		259AE96F1E95084400BCDC7A /* Release */ = {
			isa = XCBuildConfiguration;
			buildSettings = {
				ALWAYS_SEARCH_USER_PATHS = NO;
				CLANG_ANALYZER_NONNULL = YES;
				CLANG_ANALYZER_NUMBER_OBJECT_CONVERSION = YES_AGGRESSIVE;
				CLANG_CXX_LANGUAGE_STANDARD = "gnu++0x";
				CLANG_CXX_LIBRARY = "libc++";
				CLANG_ENABLE_MODULES = YES;
				CLANG_ENABLE_OBJC_ARC = YES;
				CLANG_WARN_BOOL_CONVERSION = YES;
				CLANG_WARN_CONSTANT_CONVERSION = YES;
				CLANG_WARN_DIRECT_OBJC_ISA_USAGE = YES_ERROR;
				CLANG_WARN_DOCUMENTATION_COMMENTS = YES;
				CLANG_WARN_EMPTY_BODY = YES;
				CLANG_WARN_ENUM_CONVERSION = YES;
				CLANG_WARN_INFINITE_RECURSION = YES;
				CLANG_WARN_INT_CONVERSION = YES;
				CLANG_WARN_OBJC_ROOT_CLASS = YES_ERROR;
				CLANG_WARN_SUSPICIOUS_MOVE = YES;
				CLANG_WARN_UNREACHABLE_CODE = YES;
				CLANG_WARN__DUPLICATE_METHOD_MATCH = YES;
				"CODE_SIGN_IDENTITY[sdk=iphoneos*]" = "iPhone Developer";
				COPY_PHASE_STRIP = NO;
				DEBUG_INFORMATION_FORMAT = "dwarf-with-dsym";
				ENABLE_NS_ASSERTIONS = NO;
				ENABLE_STRICT_OBJC_MSGSEND = YES;
				GCC_C_LANGUAGE_STANDARD = gnu99;
				GCC_NO_COMMON_BLOCKS = YES;
				GCC_WARN_64_TO_32_BIT_CONVERSION = YES;
				GCC_WARN_ABOUT_RETURN_TYPE = YES_ERROR;
				GCC_WARN_UNDECLARED_SELECTOR = YES;
				GCC_WARN_UNINITIALIZED_AUTOS = YES_AGGRESSIVE;
				GCC_WARN_UNUSED_FUNCTION = YES;
				GCC_WARN_UNUSED_VARIABLE = YES;
				IPHONEOS_DEPLOYMENT_TARGET = 10.3;
				MTL_ENABLE_DEBUG_INFO = NO;
				SDKROOT = iphoneos;
				SWIFT_OPTIMIZATION_LEVEL = "-Owholemodule";
				TARGETED_DEVICE_FAMILY = "1,2";
				VALIDATE_PRODUCT = YES;
			};
			name = Release;
		};
		259AE9711E95084400BCDC7A /* Debug */ = {
			isa = XCBuildConfiguration;
			buildSettings = {
				ASSETCATALOG_COMPILER_APPICON_NAME = AppIcon;
				INFOPLIST_FILE = OnTheMap/Info.plist;
				LD_RUNPATH_SEARCH_PATHS = "$(inherited) @executable_path/Frameworks";
				PRODUCT_BUNDLE_IDENTIFIER = com.aghode.OnTheMap;
				PRODUCT_NAME = "$(TARGET_NAME)";
				SWIFT_VERSION = 3.0;
			};
			name = Debug;
		};
		259AE9721E95084400BCDC7A /* Release */ = {
			isa = XCBuildConfiguration;
			buildSettings = {
				ASSETCATALOG_COMPILER_APPICON_NAME = AppIcon;
				INFOPLIST_FILE = OnTheMap/Info.plist;
				LD_RUNPATH_SEARCH_PATHS = "$(inherited) @executable_path/Frameworks";
				PRODUCT_BUNDLE_IDENTIFIER = com.aghode.OnTheMap;
				PRODUCT_NAME = "$(TARGET_NAME)";
				SWIFT_VERSION = 3.0;
			};
			name = Release;
		};
/* End XCBuildConfiguration section */

/* Begin XCConfigurationList section */
		259AE9591E95084400BCDC7A /* Build configuration list for PBXProject "OnTheMap" */ = {
			isa = XCConfigurationList;
			buildConfigurations = (
				259AE96E1E95084400BCDC7A /* Debug */,
				259AE96F1E95084400BCDC7A /* Release */,
			);
			defaultConfigurationIsVisible = 0;
			defaultConfigurationName = Release;
		};
		259AE9701E95084400BCDC7A /* Build configuration list for PBXNativeTarget "OnTheMap" */ = {
			isa = XCConfigurationList;
			buildConfigurations = (
				259AE9711E95084400BCDC7A /* Debug */,
				259AE9721E95084400BCDC7A /* Release */,
			);
			defaultConfigurationIsVisible = 0;
			defaultConfigurationName = Release;
		};
/* End XCConfigurationList section */
	};
	rootObject = 259AE9561E95084400BCDC7A /* Project object */;
}
